// !$*UTF8*$!
{
	archiveVersion = 1;
	classes = {
	};
	objectVersion = 55;
	objects = {

/* Begin PBXBuildFile section */
		643CD3FE2A165A76004E8AAF /* UIViewController_setups.swift in Sources */ = {isa = PBXBuildFile; fileRef = 643CD3FD2A165A76004E8AAF /* UIViewController_setups.swift */; };
		643CD4012A165FB2004E8AAF /* FavoritesTabStateModel.swift in Sources */ = {isa = PBXBuildFile; fileRef = 643CD4002A165FB2004E8AAF /* FavoritesTabStateModel.swift */; };
		643CD4032A1664A3004E8AAF /* UILabel_setStandardAppearance.swift in Sources */ = {isa = PBXBuildFile; fileRef = 643CD4022A1664A3004E8AAF /* UILabel_setStandardAppearance.swift */; };
		643CD4082A16669D004E8AAF /* ImageItemModel.swift in Sources */ = {isa = PBXBuildFile; fileRef = 643CD4072A16669D004E8AAF /* ImageItemModel.swift */; };
		643CD40B2A166F80004E8AAF /* UITableViewCell_setup.swift in Sources */ = {isa = PBXBuildFile; fileRef = 643CD40A2A166F80004E8AAF /* UITableViewCell_setup.swift */; };
		643CD40D2A167E71004E8AAF /* NavigationBarInfoButtonStateModel.swift in Sources */ = {isa = PBXBuildFile; fileRef = 643CD40C2A167E71004E8AAF /* NavigationBarInfoButtonStateModel.swift */; };
		643CD4102A168B11004E8AAF /* ImageDataModel.xcdatamodeld in Sources */ = {isa = PBXBuildFile; fileRef = 643CD40E2A168B10004E8AAF /* ImageDataModel.xcdatamodeld */; };
		645C8EB62A179DE800B5DAB5 /* ImageURLBuilder.swift in Sources */ = {isa = PBXBuildFile; fileRef = 645C8EB52A179DE800B5DAB5 /* ImageURLBuilder.swift */; };
		645C8EB82A179F3600B5DAB5 /* NetworkModelsList.swift in Sources */ = {isa = PBXBuildFile; fileRef = 645C8EB72A179F3600B5DAB5 /* NetworkModelsList.swift */; };
		645C8EC72A180B3B00B5DAB5 /* NetworkService_tests.swift in Sources */ = {isa = PBXBuildFile; fileRef = 645C8EC62A180B3B00B5DAB5 /* NetworkService_tests.swift */; };
		645C8EC92A180BC700B5DAB5 /* DependencyContainer_Tests.swift in Sources */ = {isa = PBXBuildFile; fileRef = 645C8EC82A180BC700B5DAB5 /* DependencyContainer_Tests.swift */; };
		649177102A15835100CFB00F /* UITextField_setPlaceholder.swift in Sources */ = {isa = PBXBuildFile; fileRef = 6491770F2A15835100CFB00F /* UITextField_setPlaceholder.swift */; };
		6491771B2A158BDB00CFB00F /* Localizable.strings in Resources */ = {isa = PBXBuildFile; fileRef = 6491771D2A158BDB00CFB00F /* Localizable.strings */; };
		649177212A15AFA200CFB00F /* SearchTabStateModel.swift in Sources */ = {isa = PBXBuildFile; fileRef = 649177202A15AFA200CFB00F /* SearchTabStateModel.swift */; };
		649177232A15E1EF00CFB00F /* UIColor_image.swift in Sources */ = {isa = PBXBuildFile; fileRef = 649177222A15E1EE00CFB00F /* UIColor_image.swift */; };
		649177252A15E41C00CFB00F /* UIButton_highlightable.swift in Sources */ = {isa = PBXBuildFile; fileRef = 649177242A15E41B00CFB00F /* UIButton_highlightable.swift */; };
		64FA1E2E2A14E52600E4635F /* AppDelegate.swift in Sources */ = {isa = PBXBuildFile; fileRef = 64FA1E2D2A14E52600E4635F /* AppDelegate.swift */; };
		64FA1E372A14E52E00E4635F /* Assets.xcassets in Resources */ = {isa = PBXBuildFile; fileRef = 64FA1E362A14E52E00E4635F /* Assets.xcassets */; };
		64FA1E3A2A14E52E00E4635F /* LaunchScreen.storyboard in Resources */ = {isa = PBXBuildFile; fileRef = 64FA1E382A14E52E00E4635F /* LaunchScreen.storyboard */; };
		64FA1E4B2A14E7CE00E4635F /* Constants.swift in Sources */ = {isa = PBXBuildFile; fileRef = 64FA1E4A2A14E7CE00E4635F /* Constants.swift */; };
		64FA1E552A14F36A00E4635F /* DependencyContainer.swift in Sources */ = {isa = PBXBuildFile; fileRef = 64FA1E542A14F36A00E4635F /* DependencyContainer.swift */; };
		64FA1E572A14F39D00E4635F /* StorageDataService.swift in Sources */ = {isa = PBXBuildFile; fileRef = 64FA1E562A14F39D00E4635F /* StorageDataService.swift */; };
		64FA1E592A14F3F400E4635F /* NetworkService.swift in Sources */ = {isa = PBXBuildFile; fileRef = 64FA1E582A14F3F400E4635F /* NetworkService.swift */; };
		64FA1E632A14FAFD00E4635F /* SearchTabPresenter.swift in Sources */ = {isa = PBXBuildFile; fileRef = 64FA1E622A14FAFD00E4635F /* SearchTabPresenter.swift */; };
		64FA1E652A14FB3F00E4635F /* FavoritesTabPresenter.swift in Sources */ = {isa = PBXBuildFile; fileRef = 64FA1E642A14FB3F00E4635F /* FavoritesTabPresenter.swift */; };
		64FA1E672A14FB6600E4635F /* FavoritesViewController.swift in Sources */ = {isa = PBXBuildFile; fileRef = 64FA1E662A14FB6600E4635F /* FavoritesViewController.swift */; };
		64FA1E692A14FC0400E4635F /* SearchTabViewController.swift in Sources */ = {isa = PBXBuildFile; fileRef = 64FA1E682A14FC0400E4635F /* SearchTabViewController.swift */; };
		64FA1E6C2A150DBF00E4635F /* MainAssembly.swift in Sources */ = {isa = PBXBuildFile; fileRef = 64FA1E6B2A150DBF00E4635F /* MainAssembly.swift */; };
/* End PBXBuildFile section */

/* Begin PBXContainerItemProxy section */
		645C8EC12A180AEB00B5DAB5 /* PBXContainerItemProxy */ = {
			isa = PBXContainerItemProxy;
			containerPortal = 64FA1E222A14E52600E4635F /* Project object */;
			proxyType = 1;
			remoteGlobalIDString = 64FA1E292A14E52600E4635F;
			remoteInfo = test_task;
		};
/* End PBXContainerItemProxy section */

/* Begin PBXFileReference section */
		643CD3FD2A165A76004E8AAF /* UIViewController_setups.swift */ = {isa = PBXFileReference; lastKnownFileType = sourcecode.swift; path = UIViewController_setups.swift; sourceTree = "<group>"; };
		643CD4002A165FB2004E8AAF /* FavoritesTabStateModel.swift */ = {isa = PBXFileReference; lastKnownFileType = sourcecode.swift; path = FavoritesTabStateModel.swift; sourceTree = "<group>"; };
		643CD4022A1664A3004E8AAF /* UILabel_setStandardAppearance.swift */ = {isa = PBXFileReference; lastKnownFileType = sourcecode.swift; path = UILabel_setStandardAppearance.swift; sourceTree = "<group>"; };
		643CD4072A16669D004E8AAF /* ImageItemModel.swift */ = {isa = PBXFileReference; lastKnownFileType = sourcecode.swift; path = ImageItemModel.swift; sourceTree = "<group>"; };
		643CD40A2A166F80004E8AAF /* UITableViewCell_setup.swift */ = {isa = PBXFileReference; lastKnownFileType = sourcecode.swift; path = UITableViewCell_setup.swift; sourceTree = "<group>"; };
		643CD40C2A167E71004E8AAF /* NavigationBarInfoButtonStateModel.swift */ = {isa = PBXFileReference; lastKnownFileType = sourcecode.swift; path = NavigationBarInfoButtonStateModel.swift; sourceTree = "<group>"; };
		643CD40F2A168B11004E8AAF /* ImageDataModel.xcdatamodel */ = {isa = PBXFileReference; lastKnownFileType = wrapper.xcdatamodel; path = ImageDataModel.xcdatamodel; sourceTree = "<group>"; };
		645C8EB52A179DE800B5DAB5 /* ImageURLBuilder.swift */ = {isa = PBXFileReference; lastKnownFileType = sourcecode.swift; path = ImageURLBuilder.swift; sourceTree = "<group>"; };
		645C8EB72A179F3600B5DAB5 /* NetworkModelsList.swift */ = {isa = PBXFileReference; lastKnownFileType = sourcecode.swift; path = NetworkModelsList.swift; sourceTree = "<group>"; };
		645C8EBD2A180AEA00B5DAB5 /* test_task_tests.xctest */ = {isa = PBXFileReference; explicitFileType = wrapper.cfbundle; includeInIndex = 0; path = test_task_tests.xctest; sourceTree = BUILT_PRODUCTS_DIR; };
		645C8EC62A180B3B00B5DAB5 /* NetworkService_tests.swift */ = {isa = PBXFileReference; lastKnownFileType = sourcecode.swift; path = NetworkService_tests.swift; sourceTree = "<group>"; };
		645C8EC82A180BC700B5DAB5 /* DependencyContainer_Tests.swift */ = {isa = PBXFileReference; lastKnownFileType = sourcecode.swift; path = DependencyContainer_Tests.swift; sourceTree = "<group>"; };
		6491770F2A15835100CFB00F /* UITextField_setPlaceholder.swift */ = {isa = PBXFileReference; lastKnownFileType = sourcecode.swift; path = UITextField_setPlaceholder.swift; sourceTree = "<group>"; };
		6491771C2A158BDB00CFB00F /* en */ = {isa = PBXFileReference; lastKnownFileType = text.plist.strings; name = en; path = en.lproj/Localizable.strings; sourceTree = "<group>"; };
		6491771E2A158BDE00CFB00F /* ru */ = {isa = PBXFileReference; lastKnownFileType = text.plist.strings; name = ru; path = ru.lproj/Localizable.strings; sourceTree = "<group>"; };
		649177202A15AFA200CFB00F /* SearchTabStateModel.swift */ = {isa = PBXFileReference; lastKnownFileType = sourcecode.swift; path = SearchTabStateModel.swift; sourceTree = "<group>"; };
		649177222A15E1EE00CFB00F /* UIColor_image.swift */ = {isa = PBXFileReference; lastKnownFileType = sourcecode.swift; path = UIColor_image.swift; sourceTree = "<group>"; };
		649177242A15E41B00CFB00F /* UIButton_highlightable.swift */ = {isa = PBXFileReference; lastKnownFileType = sourcecode.swift; path = UIButton_highlightable.swift; sourceTree = "<group>"; };
		64FA1E2A2A14E52600E4635F /* test_task.app */ = {isa = PBXFileReference; explicitFileType = wrapper.application; includeInIndex = 0; path = test_task.app; sourceTree = BUILT_PRODUCTS_DIR; };
		64FA1E2D2A14E52600E4635F /* AppDelegate.swift */ = {isa = PBXFileReference; lastKnownFileType = sourcecode.swift; path = AppDelegate.swift; sourceTree = "<group>"; };
		64FA1E362A14E52E00E4635F /* Assets.xcassets */ = {isa = PBXFileReference; lastKnownFileType = folder.assetcatalog; path = Assets.xcassets; sourceTree = "<group>"; };
		64FA1E392A14E52E00E4635F /* Base */ = {isa = PBXFileReference; lastKnownFileType = file.storyboard; name = Base; path = Base.lproj/LaunchScreen.storyboard; sourceTree = "<group>"; };
		64FA1E3B2A14E52E00E4635F /* Info.plist */ = {isa = PBXFileReference; lastKnownFileType = text.plist.xml; path = Info.plist; sourceTree = "<group>"; };
		64FA1E4A2A14E7CE00E4635F /* Constants.swift */ = {isa = PBXFileReference; lastKnownFileType = sourcecode.swift; path = Constants.swift; sourceTree = "<group>"; };
		64FA1E542A14F36A00E4635F /* DependencyContainer.swift */ = {isa = PBXFileReference; lastKnownFileType = sourcecode.swift; path = DependencyContainer.swift; sourceTree = "<group>"; };
		64FA1E562A14F39D00E4635F /* StorageDataService.swift */ = {isa = PBXFileReference; lastKnownFileType = sourcecode.swift; path = StorageDataService.swift; sourceTree = "<group>"; };
		64FA1E582A14F3F400E4635F /* NetworkService.swift */ = {isa = PBXFileReference; lastKnownFileType = sourcecode.swift; path = NetworkService.swift; sourceTree = "<group>"; };
		64FA1E622A14FAFD00E4635F /* SearchTabPresenter.swift */ = {isa = PBXFileReference; lastKnownFileType = sourcecode.swift; path = SearchTabPresenter.swift; sourceTree = "<group>"; };
		64FA1E642A14FB3F00E4635F /* FavoritesTabPresenter.swift */ = {isa = PBXFileReference; lastKnownFileType = sourcecode.swift; path = FavoritesTabPresenter.swift; sourceTree = "<group>"; };
		64FA1E662A14FB6600E4635F /* FavoritesViewController.swift */ = {isa = PBXFileReference; lastKnownFileType = sourcecode.swift; path = FavoritesViewController.swift; sourceTree = "<group>"; };
		64FA1E682A14FC0400E4635F /* SearchTabViewController.swift */ = {isa = PBXFileReference; lastKnownFileType = sourcecode.swift; path = SearchTabViewController.swift; sourceTree = "<group>"; };
		64FA1E6B2A150DBF00E4635F /* MainAssembly.swift */ = {isa = PBXFileReference; lastKnownFileType = sourcecode.swift; path = MainAssembly.swift; sourceTree = "<group>"; };
/* End PBXFileReference section */

/* Begin PBXFrameworksBuildPhase section */
		645C8EBA2A180AEA00B5DAB5 /* Frameworks */ = {
			isa = PBXFrameworksBuildPhase;
			buildActionMask = 2147483647;
			files = (
			);
			runOnlyForDeploymentPostprocessing = 0;
		};
		64FA1E272A14E52600E4635F /* Frameworks */ = {
			isa = PBXFrameworksBuildPhase;
			buildActionMask = 2147483647;
			files = (
			);
			runOnlyForDeploymentPostprocessing = 0;
		};
/* End PBXFrameworksBuildPhase section */

/* Begin PBXGroup section */
		643CD3FF2A165F99004E8AAF /* Models */ = {
			isa = PBXGroup;
			children = (
				643CD4002A165FB2004E8AAF /* FavoritesTabStateModel.swift */,
				643CD40C2A167E71004E8AAF /* NavigationBarInfoButtonStateModel.swift */,
			);
			path = Models;
			sourceTree = "<group>";
		};
		643CD4062A16668C004E8AAF /* Models */ = {
			isa = PBXGroup;
			children = (
				643CD4072A16669D004E8AAF /* ImageItemModel.swift */,
			);
			path = Models;
			sourceTree = "<group>";
		};
		645C8EBE2A180AEB00B5DAB5 /* test_task_tests */ = {
			isa = PBXGroup;
			children = (
				645C8EC62A180B3B00B5DAB5 /* NetworkService_tests.swift */,
				645C8EC82A180BC700B5DAB5 /* DependencyContainer_Tests.swift */,
			);
			path = test_task_tests;
			sourceTree = "<group>";
		};
		6491770E2A15831F00CFB00F /* Extensions */ = {
			isa = PBXGroup;
			children = (
				6491770F2A15835100CFB00F /* UITextField_setPlaceholder.swift */,
				649177222A15E1EE00CFB00F /* UIColor_image.swift */,
				649177242A15E41B00CFB00F /* UIButton_highlightable.swift */,
				643CD3FD2A165A76004E8AAF /* UIViewController_setups.swift */,
				643CD4022A1664A3004E8AAF /* UILabel_setStandardAppearance.swift */,
				643CD40A2A166F80004E8AAF /* UITableViewCell_setup.swift */,
			);
			path = Extensions;
			sourceTree = "<group>";
		};
		6491771F2A15AF8800CFB00F /* Model */ = {
			isa = PBXGroup;
			children = (
				649177202A15AFA200CFB00F /* SearchTabStateModel.swift */,
			);
			path = Model;
			sourceTree = "<group>";
		};
		64FA1E212A14E52500E4635F = {
			isa = PBXGroup;
			children = (
				64FA1E2C2A14E52600E4635F /* test_task */,
				645C8EBE2A180AEB00B5DAB5 /* test_task_tests */,
				64FA1E2B2A14E52600E4635F /* Products */,
			);
			sourceTree = "<group>";
		};
		64FA1E2B2A14E52600E4635F /* Products */ = {
			isa = PBXGroup;
			children = (
				64FA1E2A2A14E52600E4635F /* test_task.app */,
				645C8EBD2A180AEA00B5DAB5 /* test_task_tests.xctest */,
			);
			name = Products;
			sourceTree = "<group>";
		};
		64FA1E2C2A14E52600E4635F /* test_task */ = {
			isa = PBXGroup;
			children = (
				64FA1E422A14E5E300E4635F /* Sources */,
				64FA1E412A14E5D500E4635F /* Resources */,
			);
			path = test_task;
			sourceTree = "<group>";
		};
		64FA1E412A14E5D500E4635F /* Resources */ = {
			isa = PBXGroup;
			children = (
				64FA1E3B2A14E52E00E4635F /* Info.plist */,
				64FA1E362A14E52E00E4635F /* Assets.xcassets */,
				64FA1E4A2A14E7CE00E4635F /* Constants.swift */,
				64FA1E382A14E52E00E4635F /* LaunchScreen.storyboard */,
				6491771D2A158BDB00CFB00F /* Localizable.strings */,
			);
			path = Resources;
			sourceTree = "<group>";
		};
		64FA1E422A14E5E300E4635F /* Sources */ = {
			isa = PBXGroup;
			children = (
				64FA1E432A14E6A200E4635F /* Core */,
				64FA1E462A14E6E500E4635F /* Services */,
				64FA1E4C2A14E87300E4635F /* Presentation */,
				6491770E2A15831F00CFB00F /* Extensions */,
			);
			path = Sources;
			sourceTree = "<group>";
		};
		64FA1E432A14E6A200E4635F /* Core */ = {
			isa = PBXGroup;
			children = (
				643CD4062A16668C004E8AAF /* Models */,
				64FA1E602A14F98200E4635F /* Application */,
				64FA1E6A2A150D9E00E4635F /* MainAssembly */,
				64FA1E532A14F34800E4635F /* DependencyContainer */,
			);
			path = Core;
			sourceTree = "<group>";
		};
		64FA1E462A14E6E500E4635F /* Services */ = {
			isa = PBXGroup;
			children = (
				64FA1E482A14E70400E4635F /* Storage */,
				64FA1E472A14E6EF00E4635F /* Network */,
			);
			path = Services;
			sourceTree = "<group>";
		};
		64FA1E472A14E6EF00E4635F /* Network */ = {
			isa = PBXGroup;
			children = (
				64FA1E582A14F3F400E4635F /* NetworkService.swift */,
				645C8EB52A179DE800B5DAB5 /* ImageURLBuilder.swift */,
				645C8EB72A179F3600B5DAB5 /* NetworkModelsList.swift */,
			);
			path = Network;
			sourceTree = "<group>";
		};
		64FA1E482A14E70400E4635F /* Storage */ = {
			isa = PBXGroup;
			children = (
				64FA1E562A14F39D00E4635F /* StorageDataService.swift */,
				643CD40E2A168B10004E8AAF /* ImageDataModel.xcdatamodeld */,
			);
			path = Storage;
			sourceTree = "<group>";
		};
		64FA1E4C2A14E87300E4635F /* Presentation */ = {
			isa = PBXGroup;
			children = (
				64FA1E4D2A14E88E00E4635F /* Scenes */,
			);
			path = Presentation;
			sourceTree = "<group>";
		};
		64FA1E4D2A14E88E00E4635F /* Scenes */ = {
			isa = PBXGroup;
			children = (
				64FA1E4E2A14E8D200E4635F /* Search_Tab */,
				64FA1E4F2A14EA5600E4635F /* Favorites_Tab */,
			);
			path = Scenes;
			sourceTree = "<group>";
		};
		64FA1E4E2A14E8D200E4635F /* Search_Tab */ = {
			isa = PBXGroup;
			children = (
				6491771F2A15AF8800CFB00F /* Model */,
				64FA1E5A2A14F81C00E4635F /* Presenter */,
				64FA1E5B2A14F82400E4635F /* View */,
			);
			path = Search_Tab;
			sourceTree = "<group>";
		};
		64FA1E4F2A14EA5600E4635F /* Favorites_Tab */ = {
			isa = PBXGroup;
			children = (
				643CD3FF2A165F99004E8AAF /* Models */,
				64FA1E5D2A14F83300E4635F /* Presenter */,
				64FA1E5C2A14F82D00E4635F /* Views */,
			);
			path = Favorites_Tab;
			sourceTree = "<group>";
		};
		64FA1E532A14F34800E4635F /* DependencyContainer */ = {
			isa = PBXGroup;
			children = (
				64FA1E542A14F36A00E4635F /* DependencyContainer.swift */,
			);
			path = DependencyContainer;
			sourceTree = "<group>";
		};
		64FA1E5A2A14F81C00E4635F /* Presenter */ = {
			isa = PBXGroup;
			children = (
				64FA1E622A14FAFD00E4635F /* SearchTabPresenter.swift */,
			);
			path = Presenter;
			sourceTree = "<group>";
		};
		64FA1E5B2A14F82400E4635F /* View */ = {
			isa = PBXGroup;
			children = (
				64FA1E682A14FC0400E4635F /* SearchTabViewController.swift */,
			);
			path = View;
			sourceTree = "<group>";
		};
		64FA1E5C2A14F82D00E4635F /* Views */ = {
			isa = PBXGroup;
			children = (
				64FA1E662A14FB6600E4635F /* FavoritesViewController.swift */,
			);
			path = Views;
			sourceTree = "<group>";
		};
		64FA1E5D2A14F83300E4635F /* Presenter */ = {
			isa = PBXGroup;
			children = (
				64FA1E642A14FB3F00E4635F /* FavoritesTabPresenter.swift */,
			);
			path = Presenter;
			sourceTree = "<group>";
		};
		64FA1E602A14F98200E4635F /* Application */ = {
			isa = PBXGroup;
			children = (
				64FA1E2D2A14E52600E4635F /* AppDelegate.swift */,
			);
			path = Application;
			sourceTree = "<group>";
		};
		64FA1E6A2A150D9E00E4635F /* MainAssembly */ = {
			isa = PBXGroup;
			children = (
				64FA1E6B2A150DBF00E4635F /* MainAssembly.swift */,
			);
			path = MainAssembly;
			sourceTree = "<group>";
		};
/* End PBXGroup section */

/* Begin PBXNativeTarget section */
		645C8EBC2A180AEA00B5DAB5 /* test_task_tests */ = {
			isa = PBXNativeTarget;
			buildConfigurationList = 645C8EC52A180AEB00B5DAB5 /* Build configuration list for PBXNativeTarget "test_task_tests" */;
			buildPhases = (
				645C8EB92A180AEA00B5DAB5 /* Sources */,
				645C8EBA2A180AEA00B5DAB5 /* Frameworks */,
				645C8EBB2A180AEA00B5DAB5 /* Resources */,
			);
			buildRules = (
			);
			dependencies = (
				645C8EC22A180AEB00B5DAB5 /* PBXTargetDependency */,
			);
			name = test_task_tests;
			productName = test_task_tests;
			productReference = 645C8EBD2A180AEA00B5DAB5 /* test_task_tests.xctest */;
			productType = "com.apple.product-type.bundle.unit-test";
		};
		64FA1E292A14E52600E4635F /* test_task */ = {
			isa = PBXNativeTarget;
			buildConfigurationList = 64FA1E3E2A14E52E00E4635F /* Build configuration list for PBXNativeTarget "test_task" */;
			buildPhases = (
				64FA1E262A14E52600E4635F /* Sources */,
				64FA1E272A14E52600E4635F /* Frameworks */,
				64FA1E282A14E52600E4635F /* Resources */,
			);
			buildRules = (
			);
			dependencies = (
			);
			name = test_task;
			productName = test_task;
			productReference = 64FA1E2A2A14E52600E4635F /* test_task.app */;
			productType = "com.apple.product-type.application";
		};
/* End PBXNativeTarget section */

/* Begin PBXProject section */
		64FA1E222A14E52600E4635F /* Project object */ = {
			isa = PBXProject;
			attributes = {
				BuildIndependentTargetsInParallel = 1;
				LastSwiftUpdateCheck = 1320;
				LastUpgradeCheck = 1320;
				TargetAttributes = {
					645C8EBC2A180AEA00B5DAB5 = {
						CreatedOnToolsVersion = 13.2.1;
						TestTargetID = 64FA1E292A14E52600E4635F;
					};
					64FA1E292A14E52600E4635F = {
						CreatedOnToolsVersion = 13.2.1;
					};
				};
			};
			buildConfigurationList = 64FA1E252A14E52600E4635F /* Build configuration list for PBXProject "test_task" */;
			compatibilityVersion = "Xcode 13.0";
			developmentRegion = en;
			hasScannedForEncodings = 0;
			knownRegions = (
				en,
				Base,
				ru,
			);
			mainGroup = 64FA1E212A14E52500E4635F;
			productRefGroup = 64FA1E2B2A14E52600E4635F /* Products */;
			projectDirPath = "";
			projectRoot = "";
			targets = (
				64FA1E292A14E52600E4635F /* test_task */,
				645C8EBC2A180AEA00B5DAB5 /* test_task_tests */,
			);
		};
/* End PBXProject section */

/* Begin PBXResourcesBuildPhase section */
		645C8EBB2A180AEA00B5DAB5 /* Resources */ = {
			isa = PBXResourcesBuildPhase;
			buildActionMask = 2147483647;
			files = (
			);
			runOnlyForDeploymentPostprocessing = 0;
		};
		64FA1E282A14E52600E4635F /* Resources */ = {
			isa = PBXResourcesBuildPhase;
			buildActionMask = 2147483647;
			files = (
				64FA1E3A2A14E52E00E4635F /* LaunchScreen.storyboard in Resources */,
				6491771B2A158BDB00CFB00F /* Localizable.strings in Resources */,
				64FA1E372A14E52E00E4635F /* Assets.xcassets in Resources */,
			);
			runOnlyForDeploymentPostprocessing = 0;
		};
/* End PBXResourcesBuildPhase section */

/* Begin PBXSourcesBuildPhase section */
		645C8EB92A180AEA00B5DAB5 /* Sources */ = {
			isa = PBXSourcesBuildPhase;
			buildActionMask = 2147483647;
			files = (
				645C8EC92A180BC700B5DAB5 /* DependencyContainer_Tests.swift in Sources */,
				645C8EC72A180B3B00B5DAB5 /* NetworkService_tests.swift in Sources */,
			);
			runOnlyForDeploymentPostprocessing = 0;
		};
		64FA1E262A14E52600E4635F /* Sources */ = {
			isa = PBXSourcesBuildPhase;
			buildActionMask = 2147483647;
			files = (
				643CD4082A16669D004E8AAF /* ImageItemModel.swift in Sources */,
				649177252A15E41C00CFB00F /* UIButton_highlightable.swift in Sources */,
				64FA1E592A14F3F400E4635F /* NetworkService.swift in Sources */,
				649177232A15E1EF00CFB00F /* UIColor_image.swift in Sources */,
				643CD4012A165FB2004E8AAF /* FavoritesTabStateModel.swift in Sources */,
				649177102A15835100CFB00F /* UITextField_setPlaceholder.swift in Sources */,
				64FA1E552A14F36A00E4635F /* DependencyContainer.swift in Sources */,
				643CD3FE2A165A76004E8AAF /* UIViewController_setups.swift in Sources */,
				64FA1E672A14FB6600E4635F /* FavoritesViewController.swift in Sources */,
				643CD4102A168B11004E8AAF /* ImageDataModel.xcdatamodeld in Sources */,
				643CD40D2A167E71004E8AAF /* NavigationBarInfoButtonStateModel.swift in Sources */,
				64FA1E6C2A150DBF00E4635F /* MainAssembly.swift in Sources */,
				64FA1E2E2A14E52600E4635F /* AppDelegate.swift in Sources */,
				64FA1E652A14FB3F00E4635F /* FavoritesTabPresenter.swift in Sources */,
				649177212A15AFA200CFB00F /* SearchTabStateModel.swift in Sources */,
				64FA1E4B2A14E7CE00E4635F /* Constants.swift in Sources */,
				645C8EB62A179DE800B5DAB5 /* ImageURLBuilder.swift in Sources */,
				64FA1E572A14F39D00E4635F /* StorageDataService.swift in Sources */,
				64FA1E632A14FAFD00E4635F /* SearchTabPresenter.swift in Sources */,
				645C8EB82A179F3600B5DAB5 /* NetworkModelsList.swift in Sources */,
				64FA1E692A14FC0400E4635F /* SearchTabViewController.swift in Sources */,
				643CD4032A1664A3004E8AAF /* UILabel_setStandardAppearance.swift in Sources */,
				643CD40B2A166F80004E8AAF /* UITableViewCell_setup.swift in Sources */,
			);
			runOnlyForDeploymentPostprocessing = 0;
		};
/* End PBXSourcesBuildPhase section */

/* Begin PBXTargetDependency section */
		645C8EC22A180AEB00B5DAB5 /* PBXTargetDependency */ = {
			isa = PBXTargetDependency;
			target = 64FA1E292A14E52600E4635F /* test_task */;
			targetProxy = 645C8EC12A180AEB00B5DAB5 /* PBXContainerItemProxy */;
		};
/* End PBXTargetDependency section */

/* Begin PBXVariantGroup section */
		6491771D2A158BDB00CFB00F /* Localizable.strings */ = {
			isa = PBXVariantGroup;
			children = (
				6491771C2A158BDB00CFB00F /* en */,
				6491771E2A158BDE00CFB00F /* ru */,
			);
			name = Localizable.strings;
			sourceTree = "<group>";
		};
		64FA1E382A14E52E00E4635F /* LaunchScreen.storyboard */ = {
			isa = PBXVariantGroup;
			children = (
				64FA1E392A14E52E00E4635F /* Base */,
			);
			name = LaunchScreen.storyboard;
			sourceTree = "<group>";
		};
/* End PBXVariantGroup section */

/* Begin XCBuildConfiguration section */
		645C8EC32A180AEB00B5DAB5 /* Debug */ = {
			isa = XCBuildConfiguration;
			buildSettings = {
				BUNDLE_LOADER = "$(TEST_HOST)";
				CODE_SIGN_STYLE = Automatic;
				CURRENT_PROJECT_VERSION = 1;
				DEVELOPMENT_TEAM = 87G7HNZ9T9;
				GENERATE_INFOPLIST_FILE = YES;
				IPHONEOS_DEPLOYMENT_TARGET = 12.0;
				MARKETING_VERSION = 1.0;
				PRODUCT_BUNDLE_IDENTIFIER = "ru.alpatiev.test-task-tests";
				PRODUCT_NAME = "$(TARGET_NAME)";
				SWIFT_EMIT_LOC_STRINGS = NO;
				SWIFT_VERSION = 5.0;
				TARGETED_DEVICE_FAMILY = "1,2";
				TEST_HOST = "$(BUILT_PRODUCTS_DIR)/test_task.app/test_task";
			};
			name = Debug;
		};
		645C8EC42A180AEB00B5DAB5 /* Release */ = {
			isa = XCBuildConfiguration;
			buildSettings = {
				BUNDLE_LOADER = "$(TEST_HOST)";
				CODE_SIGN_STYLE = Automatic;
				CURRENT_PROJECT_VERSION = 1;
				DEVELOPMENT_TEAM = 87G7HNZ9T9;
				GENERATE_INFOPLIST_FILE = YES;
				IPHONEOS_DEPLOYMENT_TARGET = 12.0;
				MARKETING_VERSION = 1.0;
				PRODUCT_BUNDLE_IDENTIFIER = "ru.alpatiev.test-task-tests";
				PRODUCT_NAME = "$(TARGET_NAME)";
				SWIFT_EMIT_LOC_STRINGS = NO;
				SWIFT_VERSION = 5.0;
				TARGETED_DEVICE_FAMILY = "1,2";
				TEST_HOST = "$(BUILT_PRODUCTS_DIR)/test_task.app/test_task";
			};
			name = Release;
		};
		64FA1E3C2A14E52E00E4635F /* Debug */ = {
			isa = XCBuildConfiguration;
			buildSettings = {
				ALWAYS_SEARCH_USER_PATHS = NO;
				CLANG_ANALYZER_LOCALIZABILITY_NONLOCALIZED = YES;
				CLANG_ANALYZER_NONNULL = YES;
				CLANG_ANALYZER_NUMBER_OBJECT_CONVERSION = YES_AGGRESSIVE;
				CLANG_CXX_LANGUAGE_STANDARD = "gnu++17";
				CLANG_CXX_LIBRARY = "libc++";
				CLANG_ENABLE_MODULES = YES;
				CLANG_ENABLE_OBJC_ARC = YES;
				CLANG_ENABLE_OBJC_WEAK = YES;
				CLANG_WARN_BLOCK_CAPTURE_AUTORELEASING = YES;
				CLANG_WARN_BOOL_CONVERSION = YES;
				CLANG_WARN_COMMA = YES;
				CLANG_WARN_CONSTANT_CONVERSION = YES;
				CLANG_WARN_DEPRECATED_OBJC_IMPLEMENTATIONS = YES;
				CLANG_WARN_DIRECT_OBJC_ISA_USAGE = YES_ERROR;
				CLANG_WARN_DOCUMENTATION_COMMENTS = YES;
				CLANG_WARN_EMPTY_BODY = YES;
				CLANG_WARN_ENUM_CONVERSION = YES;
				CLANG_WARN_INFINITE_RECURSION = YES;
				CLANG_WARN_INT_CONVERSION = YES;
				CLANG_WARN_NON_LITERAL_NULL_CONVERSION = YES;
				CLANG_WARN_OBJC_IMPLICIT_RETAIN_SELF = YES;
				CLANG_WARN_OBJC_LITERAL_CONVERSION = YES;
				CLANG_WARN_OBJC_ROOT_CLASS = YES_ERROR;
				CLANG_WARN_QUOTED_INCLUDE_IN_FRAMEWORK_HEADER = YES;
				CLANG_WARN_RANGE_LOOP_ANALYSIS = YES;
				CLANG_WARN_STRICT_PROTOTYPES = YES;
				CLANG_WARN_SUSPICIOUS_MOVE = YES;
				CLANG_WARN_UNGUARDED_AVAILABILITY = YES_AGGRESSIVE;
				CLANG_WARN_UNREACHABLE_CODE = YES;
				CLANG_WARN__DUPLICATE_METHOD_MATCH = YES;
				COPY_PHASE_STRIP = NO;
				DEBUG_INFORMATION_FORMAT = dwarf;
				ENABLE_STRICT_OBJC_MSGSEND = YES;
				ENABLE_TESTABILITY = YES;
				GCC_C_LANGUAGE_STANDARD = gnu11;
				GCC_DYNAMIC_NO_PIC = NO;
				GCC_NO_COMMON_BLOCKS = YES;
				GCC_OPTIMIZATION_LEVEL = 0;
				GCC_PREPROCESSOR_DEFINITIONS = (
					"DEBUG=1",
					"$(inherited)",
				);
				GCC_WARN_64_TO_32_BIT_CONVERSION = YES;
				GCC_WARN_ABOUT_RETURN_TYPE = YES_ERROR;
				GCC_WARN_UNDECLARED_SELECTOR = YES;
				GCC_WARN_UNINITIALIZED_AUTOS = YES_AGGRESSIVE;
				GCC_WARN_UNUSED_FUNCTION = YES;
				GCC_WARN_UNUSED_VARIABLE = YES;
				IPHONEOS_DEPLOYMENT_TARGET = 12.0;
				MTL_ENABLE_DEBUG_INFO = INCLUDE_SOURCE;
				MTL_FAST_MATH = YES;
				ONLY_ACTIVE_ARCH = YES;
				SDKROOT = iphoneos;
				SWIFT_ACTIVE_COMPILATION_CONDITIONS = DEBUG;
				SWIFT_OPTIMIZATION_LEVEL = "-Onone";
			};
			name = Debug;
		};
		64FA1E3D2A14E52E00E4635F /* Release */ = {
			isa = XCBuildConfiguration;
			buildSettings = {
				ALWAYS_SEARCH_USER_PATHS = NO;
				CLANG_ANALYZER_LOCALIZABILITY_NONLOCALIZED = YES;
				CLANG_ANALYZER_NONNULL = YES;
				CLANG_ANALYZER_NUMBER_OBJECT_CONVERSION = YES_AGGRESSIVE;
				CLANG_CXX_LANGUAGE_STANDARD = "gnu++17";
				CLANG_CXX_LIBRARY = "libc++";
				CLANG_ENABLE_MODULES = YES;
				CLANG_ENABLE_OBJC_ARC = YES;
				CLANG_ENABLE_OBJC_WEAK = YES;
				CLANG_WARN_BLOCK_CAPTURE_AUTORELEASING = YES;
				CLANG_WARN_BOOL_CONVERSION = YES;
				CLANG_WARN_COMMA = YES;
				CLANG_WARN_CONSTANT_CONVERSION = YES;
				CLANG_WARN_DEPRECATED_OBJC_IMPLEMENTATIONS = YES;
				CLANG_WARN_DIRECT_OBJC_ISA_USAGE = YES_ERROR;
				CLANG_WARN_DOCUMENTATION_COMMENTS = YES;
				CLANG_WARN_EMPTY_BODY = YES;
				CLANG_WARN_ENUM_CONVERSION = YES;
				CLANG_WARN_INFINITE_RECURSION = YES;
				CLANG_WARN_INT_CONVERSION = YES;
				CLANG_WARN_NON_LITERAL_NULL_CONVERSION = YES;
				CLANG_WARN_OBJC_IMPLICIT_RETAIN_SELF = YES;
				CLANG_WARN_OBJC_LITERAL_CONVERSION = YES;
				CLANG_WARN_OBJC_ROOT_CLASS = YES_ERROR;
				CLANG_WARN_QUOTED_INCLUDE_IN_FRAMEWORK_HEADER = YES;
				CLANG_WARN_RANGE_LOOP_ANALYSIS = YES;
				CLANG_WARN_STRICT_PROTOTYPES = YES;
				CLANG_WARN_SUSPICIOUS_MOVE = YES;
				CLANG_WARN_UNGUARDED_AVAILABILITY = YES_AGGRESSIVE;
				CLANG_WARN_UNREACHABLE_CODE = YES;
				CLANG_WARN__DUPLICATE_METHOD_MATCH = YES;
				COPY_PHASE_STRIP = NO;
				DEBUG_INFORMATION_FORMAT = "dwarf-with-dsym";
				ENABLE_NS_ASSERTIONS = NO;
				ENABLE_STRICT_OBJC_MSGSEND = YES;
				GCC_C_LANGUAGE_STANDARD = gnu11;
				GCC_NO_COMMON_BLOCKS = YES;
				GCC_WARN_64_TO_32_BIT_CONVERSION = YES;
				GCC_WARN_ABOUT_RETURN_TYPE = YES_ERROR;
				GCC_WARN_UNDECLARED_SELECTOR = YES;
				GCC_WARN_UNINITIALIZED_AUTOS = YES_AGGRESSIVE;
				GCC_WARN_UNUSED_FUNCTION = YES;
				GCC_WARN_UNUSED_VARIABLE = YES;
				IPHONEOS_DEPLOYMENT_TARGET = 12.0;
				MTL_ENABLE_DEBUG_INFO = NO;
				MTL_FAST_MATH = YES;
				SDKROOT = iphoneos;
				SWIFT_COMPILATION_MODE = wholemodule;
				SWIFT_OPTIMIZATION_LEVEL = "-O";
				VALIDATE_PRODUCT = YES;
			};
			name = Release;
		};
		64FA1E3F2A14E52E00E4635F /* Debug */ = {
			isa = XCBuildConfiguration;
			buildSettings = {
				ASSETCATALOG_COMPILER_APPICON_NAME = AppIcon;
				ASSETCATALOG_COMPILER_GLOBAL_ACCENT_COLOR_NAME = AccentColor;
				CODE_SIGN_STYLE = Automatic;
				CURRENT_PROJECT_VERSION = 1;
				DEVELOPMENT_TEAM = 87G7HNZ9T9;
				GENERATE_INFOPLIST_FILE = YES;
				INFOPLIST_FILE = test_task/Resources/Info.plist;
				INFOPLIST_KEY_UIApplicationSupportsIndirectInputEvents = YES;
				INFOPLIST_KEY_UILaunchStoryboardName = LaunchScreen;
				INFOPLIST_KEY_UISupportedInterfaceOrientations = UIInterfaceOrientationPortrait;
				INFOPLIST_KEY_UISupportedInterfaceOrientations_iPhone = UIInterfaceOrientationPortrait;
				IPHONEOS_DEPLOYMENT_TARGET = 12.0;
				LD_RUNPATH_SEARCH_PATHS = (
					"$(inherited)",
					"@executable_path/Frameworks",
				);
				MARKETING_VERSION = 1.0;
				PRODUCT_BUNDLE_IDENTIFIER = "ru.alpatiev.test-task";
				PRODUCT_NAME = "$(TARGET_NAME)";
				SWIFT_EMIT_LOC_STRINGS = YES;
				SWIFT_VERSION = 5.0;
				TARGETED_DEVICE_FAMILY = 1;
			};
			name = Debug;
		};
		64FA1E402A14E52E00E4635F /* Release */ = {
			isa = XCBuildConfiguration;
			buildSettings = {
				ASSETCATALOG_COMPILER_APPICON_NAME = AppIcon;
				ASSETCATALOG_COMPILER_GLOBAL_ACCENT_COLOR_NAME = AccentColor;
				CODE_SIGN_STYLE = Automatic;
				CURRENT_PROJECT_VERSION = 1;
				DEVELOPMENT_TEAM = 87G7HNZ9T9;
				GENERATE_INFOPLIST_FILE = YES;
				INFOPLIST_FILE = test_task/Resources/Info.plist;
				INFOPLIST_KEY_UIApplicationSupportsIndirectInputEvents = YES;
				INFOPLIST_KEY_UILaunchStoryboardName = LaunchScreen;
				INFOPLIST_KEY_UISupportedInterfaceOrientations = UIInterfaceOrientationPortrait;
				INFOPLIST_KEY_UISupportedInterfaceOrientations_iPhone = UIInterfaceOrientationPortrait;
				IPHONEOS_DEPLOYMENT_TARGET = 12.0;
				LD_RUNPATH_SEARCH_PATHS = (
					"$(inherited)",
					"@executable_path/Frameworks",
				);
				MARKETING_VERSION = 1.0;
				PRODUCT_BUNDLE_IDENTIFIER = "ru.alpatiev.test-task";
				PRODUCT_NAME = "$(TARGET_NAME)";
				SWIFT_EMIT_LOC_STRINGS = YES;
				SWIFT_VERSION = 5.0;
				TARGETED_DEVICE_FAMILY = 1;
			};
			name = Release;
		};
/* End XCBuildConfiguration section */

/* Begin XCConfigurationList section */
		645C8EC52A180AEB00B5DAB5 /* Build configuration list for PBXNativeTarget "test_task_tests" */ = {
			isa = XCConfigurationList;
			buildConfigurations = (
				645C8EC32A180AEB00B5DAB5 /* Debug */,
				645C8EC42A180AEB00B5DAB5 /* Release */,
			);
			defaultConfigurationIsVisible = 0;
			defaultConfigurationName = Release;
		};
		64FA1E252A14E52600E4635F /* Build configuration list for PBXProject "test_task" */ = {
			isa = XCConfigurationList;
			buildConfigurations = (
				64FA1E3C2A14E52E00E4635F /* Debug */,
				64FA1E3D2A14E52E00E4635F /* Release */,
			);
			defaultConfigurationIsVisible = 0;
			defaultConfigurationName = Release;
		};
		64FA1E3E2A14E52E00E4635F /* Build configuration list for PBXNativeTarget "test_task" */ = {
			isa = XCConfigurationList;
			buildConfigurations = (
				64FA1E3F2A14E52E00E4635F /* Debug */,
				64FA1E402A14E52E00E4635F /* Release */,
			);
			defaultConfigurationIsVisible = 0;
			defaultConfigurationName = Release;
		};
/* End XCConfigurationList section */

/* Begin XCVersionGroup section */
		643CD40E2A168B10004E8AAF /* ImageDataModel.xcdatamodeld */ = {
			isa = XCVersionGroup;
			children = (
				643CD40F2A168B11004E8AAF /* ImageDataModel.xcdatamodel */,
			);
			currentVersion = 643CD40F2A168B11004E8AAF /* ImageDataModel.xcdatamodel */;
			path = ImageDataModel.xcdatamodeld;
			sourceTree = "<group>";
			versionGroupType = wrapper.xcdatamodel;
		};
/* End XCVersionGroup section */
	};
	rootObject = 64FA1E222A14E52600E4635F /* Project object */;
}
