// !$*UTF8*$!
{
	archiveVersion = 1;
	classes = {
	};
	objectVersion = 55;
	objects = {

/* Begin PBXBuildFile section */
		649177102A15835100CFB00F /* UITextField_setPlaceholder.swift in Sources */ = {isa = PBXBuildFile; fileRef = 6491770F2A15835100CFB00F /* UITextField_setPlaceholder.swift */; };
		64FA1E2E2A14E52600E4635F /* AppDelegate.swift in Sources */ = {isa = PBXBuildFile; fileRef = 64FA1E2D2A14E52600E4635F /* AppDelegate.swift */; };
		64FA1E372A14E52E00E4635F /* Assets.xcassets in Resources */ = {isa = PBXBuildFile; fileRef = 64FA1E362A14E52E00E4635F /* Assets.xcassets */; };
		64FA1E3A2A14E52E00E4635F /* LaunchScreen.storyboard in Resources */ = {isa = PBXBuildFile; fileRef = 64FA1E382A14E52E00E4635F /* LaunchScreen.storyboard */; };
		64FA1E4B2A14E7CE00E4635F /* Constants.swift in Sources */ = {isa = PBXBuildFile; fileRef = 64FA1E4A2A14E7CE00E4635F /* Constants.swift */; };
		64FA1E552A14F36A00E4635F /* DependencyContainer.swift in Sources */ = {isa = PBXBuildFile; fileRef = 64FA1E542A14F36A00E4635F /* DependencyContainer.swift */; };
		64FA1E572A14F39D00E4635F /* StorageDataService.swift in Sources */ = {isa = PBXBuildFile; fileRef = 64FA1E562A14F39D00E4635F /* StorageDataService.swift */; };
		64FA1E592A14F3F400E4635F /* NetworkService.swift in Sources */ = {isa = PBXBuildFile; fileRef = 64FA1E582A14F3F400E4635F /* NetworkService.swift */; };
		64FA1E632A14FAFD00E4635F /* SearchTabPresenter.swift in Sources */ = {isa = PBXBuildFile; fileRef = 64FA1E622A14FAFD00E4635F /* SearchTabPresenter.swift */; };
		64FA1E652A14FB3F00E4635F /* FavoritesTabPresenter.swift in Sources */ = {isa = PBXBuildFile; fileRef = 64FA1E642A14FB3F00E4635F /* FavoritesTabPresenter.swift */; };
		64FA1E672A14FB6600E4635F /* FavoritesViewController.swift in Sources */ = {isa = PBXBuildFile; fileRef = 64FA1E662A14FB6600E4635F /* FavoritesViewController.swift */; };
		64FA1E692A14FC0400E4635F /* SearchTabViewController.swift in Sources */ = {isa = PBXBuildFile; fileRef = 64FA1E682A14FC0400E4635F /* SearchTabViewController.swift */; };
		64FA1E6C2A150DBF00E4635F /* MainAssembly.swift in Sources */ = {isa = PBXBuildFile; fileRef = 64FA1E6B2A150DBF00E4635F /* MainAssembly.swift */; };
/* End PBXBuildFile section */

/* Begin PBXFileReference section */
		6491770F2A15835100CFB00F /* UITextField_setPlaceholder.swift */ = {isa = PBXFileReference; lastKnownFileType = sourcecode.swift; path = UITextField_setPlaceholder.swift; sourceTree = "<group>"; };
		64FA1E2A2A14E52600E4635F /* test_task.app */ = {isa = PBXFileReference; explicitFileType = wrapper.application; includeInIndex = 0; path = test_task.app; sourceTree = BUILT_PRODUCTS_DIR; };
		64FA1E2D2A14E52600E4635F /* AppDelegate.swift */ = {isa = PBXFileReference; lastKnownFileType = sourcecode.swift; path = AppDelegate.swift; sourceTree = "<group>"; };
		64FA1E362A14E52E00E4635F /* Assets.xcassets */ = {isa = PBXFileReference; lastKnownFileType = folder.assetcatalog; path = Assets.xcassets; sourceTree = "<group>"; };
		64FA1E392A14E52E00E4635F /* Base */ = {isa = PBXFileReference; lastKnownFileType = file.storyboard; name = Base; path = Base.lproj/LaunchScreen.storyboard; sourceTree = "<group>"; };
		64FA1E3B2A14E52E00E4635F /* Info.plist */ = {isa = PBXFileReference; lastKnownFileType = text.plist.xml; path = Info.plist; sourceTree = "<group>"; };
		64FA1E4A2A14E7CE00E4635F /* Constants.swift */ = {isa = PBXFileReference; lastKnownFileType = sourcecode.swift; path = Constants.swift; sourceTree = "<group>"; };
		64FA1E542A14F36A00E4635F /* DependencyContainer.swift */ = {isa = PBXFileReference; lastKnownFileType = sourcecode.swift; path = DependencyContainer.swift; sourceTree = "<group>"; };
		64FA1E562A14F39D00E4635F /* StorageDataService.swift */ = {isa = PBXFileReference; lastKnownFileType = sourcecode.swift; path = StorageDataService.swift; sourceTree = "<group>"; };
		64FA1E582A14F3F400E4635F /* NetworkService.swift */ = {isa = PBXFileReference; lastKnownFileType = sourcecode.swift; path = NetworkService.swift; sourceTree = "<group>"; };
		64FA1E622A14FAFD00E4635F /* SearchTabPresenter.swift */ = {isa = PBXFileReference; lastKnownFileType = sourcecode.swift; path = SearchTabPresenter.swift; sourceTree = "<group>"; };
		64FA1E642A14FB3F00E4635F /* FavoritesTabPresenter.swift */ = {isa = PBXFileReference; lastKnownFileType = sourcecode.swift; path = FavoritesTabPresenter.swift; sourceTree = "<group>"; };
		64FA1E662A14FB6600E4635F /* FavoritesViewController.swift */ = {isa = PBXFileReference; lastKnownFileType = sourcecode.swift; path = FavoritesViewController.swift; sourceTree = "<group>"; };
		64FA1E682A14FC0400E4635F /* SearchTabViewController.swift */ = {isa = PBXFileReference; lastKnownFileType = sourcecode.swift; path = SearchTabViewController.swift; sourceTree = "<group>"; };
		64FA1E6B2A150DBF00E4635F /* MainAssembly.swift */ = {isa = PBXFileReference; lastKnownFileType = sourcecode.swift; path = MainAssembly.swift; sourceTree = "<group>"; };
/* End PBXFileReference section */

/* Begin PBXFrameworksBuildPhase section */
		64FA1E272A14E52600E4635F /* Frameworks */ = {
			isa = PBXFrameworksBuildPhase;
			buildActionMask = 2147483647;
			files = (
			);
			runOnlyForDeploymentPostprocessing = 0;
		};
/* End PBXFrameworksBuildPhase section */

/* Begin PBXGroup section */
		6491770E2A15831F00CFB00F /* Extensions */ = {
			isa = PBXGroup;
			children = (
				6491770F2A15835100CFB00F /* UITextField_setPlaceholder.swift */,
			);
			path = Extensions;
			sourceTree = "<group>";
		};
		64FA1E212A14E52500E4635F = {
			isa = PBXGroup;
			children = (
				64FA1E2C2A14E52600E4635F /* test_task */,
				64FA1E2B2A14E52600E4635F /* Products */,
			);
			sourceTree = "<group>";
		};
		64FA1E2B2A14E52600E4635F /* Products */ = {
			isa = PBXGroup;
			children = (
				64FA1E2A2A14E52600E4635F /* test_task.app */,
			);
			name = Products;
			sourceTree = "<group>";
		};
		64FA1E2C2A14E52600E4635F /* test_task */ = {
			isa = PBXGroup;
			children = (
				64FA1E422A14E5E300E4635F /* Sources */,
				64FA1E412A14E5D500E4635F /* Resources */,
			);
			path = test_task;
			sourceTree = "<group>";
		};
		64FA1E412A14E5D500E4635F /* Resources */ = {
			isa = PBXGroup;
			children = (
				64FA1E3B2A14E52E00E4635F /* Info.plist */,
				64FA1E362A14E52E00E4635F /* Assets.xcassets */,
				64FA1E4A2A14E7CE00E4635F /* Constants.swift */,
				64FA1E382A14E52E00E4635F /* LaunchScreen.storyboard */,
			);
			path = Resources;
			sourceTree = "<group>";
		};
		64FA1E422A14E5E300E4635F /* Sources */ = {
			isa = PBXGroup;
			children = (
				64FA1E432A14E6A200E4635F /* Core */,
				64FA1E462A14E6E500E4635F /* Services */,
				64FA1E4C2A14E87300E4635F /* Presentation */,
				6491770E2A15831F00CFB00F /* Extensions */,
			);
			path = Sources;
			sourceTree = "<group>";
		};
		64FA1E432A14E6A200E4635F /* Core */ = {
			isa = PBXGroup;
			children = (
				64FA1E602A14F98200E4635F /* Application */,
				64FA1E6A2A150D9E00E4635F /* MainAssembly */,
				64FA1E532A14F34800E4635F /* DependencyContainer */,
			);
			path = Core;
			sourceTree = "<group>";
		};
		64FA1E462A14E6E500E4635F /* Services */ = {
			isa = PBXGroup;
			children = (
				64FA1E482A14E70400E4635F /* Storage */,
				64FA1E472A14E6EF00E4635F /* Network */,
			);
			path = Services;
			sourceTree = "<group>";
		};
		64FA1E472A14E6EF00E4635F /* Network */ = {
			isa = PBXGroup;
			children = (
				64FA1E582A14F3F400E4635F /* NetworkService.swift */,
			);
			path = Network;
			sourceTree = "<group>";
		};
		64FA1E482A14E70400E4635F /* Storage */ = {
			isa = PBXGroup;
			children = (
				64FA1E562A14F39D00E4635F /* StorageDataService.swift */,
			);
			path = Storage;
			sourceTree = "<group>";
		};
		64FA1E4C2A14E87300E4635F /* Presentation */ = {
			isa = PBXGroup;
			children = (
				64FA1E4D2A14E88E00E4635F /* Scenes */,
			);
			path = Presentation;
			sourceTree = "<group>";
		};
		64FA1E4D2A14E88E00E4635F /* Scenes */ = {
			isa = PBXGroup;
			children = (
				64FA1E4E2A14E8D200E4635F /* Search_Tab */,
				64FA1E4F2A14EA5600E4635F /* Favorites_Tab */,
			);
			path = Scenes;
			sourceTree = "<group>";
		};
		64FA1E4E2A14E8D200E4635F /* Search_Tab */ = {
			isa = PBXGroup;
			children = (
				64FA1E5A2A14F81C00E4635F /* Presenter */,
				64FA1E5B2A14F82400E4635F /* Views */,
			);
			path = Search_Tab;
			sourceTree = "<group>";
		};
		64FA1E4F2A14EA5600E4635F /* Favorites_Tab */ = {
			isa = PBXGroup;
			children = (
				64FA1E5D2A14F83300E4635F /* Presenter */,
				64FA1E5C2A14F82D00E4635F /* Views */,
			);
			path = Favorites_Tab;
			sourceTree = "<group>";
		};
		64FA1E532A14F34800E4635F /* DependencyContainer */ = {
			isa = PBXGroup;
			children = (
				64FA1E542A14F36A00E4635F /* DependencyContainer.swift */,
			);
			path = DependencyContainer;
			sourceTree = "<group>";
		};
		64FA1E5A2A14F81C00E4635F /* Presenter */ = {
			isa = PBXGroup;
			children = (
				64FA1E622A14FAFD00E4635F /* SearchTabPresenter.swift */,
			);
			path = Presenter;
			sourceTree = "<group>";
		};
		64FA1E5B2A14F82400E4635F /* Views */ = {
			isa = PBXGroup;
			children = (
				64FA1E682A14FC0400E4635F /* SearchTabViewController.swift */,
			);
			path = Views;
			sourceTree = "<group>";
		};
		64FA1E5C2A14F82D00E4635F /* Views */ = {
			isa = PBXGroup;
			children = (
				64FA1E662A14FB6600E4635F /* FavoritesViewController.swift */,
			);
			path = Views;
			sourceTree = "<group>";
		};
		64FA1E5D2A14F83300E4635F /* Presenter */ = {
			isa = PBXGroup;
			children = (
				64FA1E642A14FB3F00E4635F /* FavoritesTabPresenter.swift */,
			);
			path = Presenter;
			sourceTree = "<group>";
		};
		64FA1E602A14F98200E4635F /* Application */ = {
			isa = PBXGroup;
			children = (
				64FA1E2D2A14E52600E4635F /* AppDelegate.swift */,
			);
			path = Application;
			sourceTree = "<group>";
		};
		64FA1E6A2A150D9E00E4635F /* MainAssembly */ = {
			isa = PBXGroup;
			children = (
				64FA1E6B2A150DBF00E4635F /* MainAssembly.swift */,
			);
			path = MainAssembly;
			sourceTree = "<group>";
		};
/* End PBXGroup section */

/* Begin PBXNativeTarget section */
		64FA1E292A14E52600E4635F /* test_task */ = {
			isa = PBXNativeTarget;
			buildConfigurationList = 64FA1E3E2A14E52E00E4635F /* Build configuration list for PBXNativeTarget "test_task" */;
			buildPhases = (
				64FA1E262A14E52600E4635F /* Sources */,
				64FA1E272A14E52600E4635F /* Frameworks */,
				64FA1E282A14E52600E4635F /* Resources */,
			);
			buildRules = (
			);
			dependencies = (
			);
			name = test_task;
			productName = test_task;
			productReference = 64FA1E2A2A14E52600E4635F /* test_task.app */;
			productType = "com.apple.product-type.application";
		};
/* End PBXNativeTarget section */

/* Begin PBXProject section */
		64FA1E222A14E52600E4635F /* Project object */ = {
			isa = PBXProject;
			attributes = {
				BuildIndependentTargetsInParallel = 1;
				LastSwiftUpdateCheck = 1320;
				LastUpgradeCheck = 1320;
				TargetAttributes = {
					64FA1E292A14E52600E4635F = {
						CreatedOnToolsVersion = 13.2.1;
					};
				};
			};
			buildConfigurationList = 64FA1E252A14E52600E4635F /* Build configuration list for PBXProject "test_task" */;
			compatibilityVersion = "Xcode 13.0";
			developmentRegion = en;
			hasScannedForEncodings = 0;
			knownRegions = (
				en,
				Base,
			);
			mainGroup = 64FA1E212A14E52500E4635F;
			productRefGroup = 64FA1E2B2A14E52600E4635F /* Products */;
			projectDirPath = "";
			projectRoot = "";
			targets = (
				64FA1E292A14E52600E4635F /* test_task */,
			);
		};
/* End PBXProject section */

/* Begin PBXResourcesBuildPhase section */
		64FA1E282A14E52600E4635F /* Resources */ = {
			isa = PBXResourcesBuildPhase;
			buildActionMask = 2147483647;
			files = (
				64FA1E3A2A14E52E00E4635F /* LaunchScreen.storyboard in Resources */,
				64FA1E372A14E52E00E4635F /* Assets.xcassets in Resources */,
			);
			runOnlyForDeploymentPostprocessing = 0;
		};
/* End PBXResourcesBuildPhase section */

/* Begin PBXSourcesBuildPhase section */
		64FA1E262A14E52600E4635F /* Sources */ = {
			isa = PBXSourcesBuildPhase;
			buildActionMask = 2147483647;
			files = (
				64FA1E592A14F3F400E4635F /* NetworkService.swift in Sources */,
				649177102A15835100CFB00F /* UITextField_setPlaceholder.swift in Sources */,
				64FA1E552A14F36A00E4635F /* DependencyContainer.swift in Sources */,
				64FA1E672A14FB6600E4635F /* FavoritesViewController.swift in Sources */,
				64FA1E6C2A150DBF00E4635F /* MainAssembly.swift in Sources */,
				64FA1E2E2A14E52600E4635F /* AppDelegate.swift in Sources */,
				64FA1E652A14FB3F00E4635F /* FavoritesTabPresenter.swift in Sources */,
				64FA1E4B2A14E7CE00E4635F /* Constants.swift in Sources */,
				64FA1E572A14F39D00E4635F /* StorageDataService.swift in Sources */,
				64FA1E632A14FAFD00E4635F /* SearchTabPresenter.swift in Sources */,
				64FA1E692A14FC0400E4635F /* SearchTabViewController.swift in Sources */,
			);
			runOnlyForDeploymentPostprocessing = 0;
		};
/* End PBXSourcesBuildPhase section */

/* Begin PBXVariantGroup section */
		64FA1E382A14E52E00E4635F /* LaunchScreen.storyboard */ = {
			isa = PBXVariantGroup;
			children = (
				64FA1E392A14E52E00E4635F /* Base */,
			);
			name = LaunchScreen.storyboard;
			sourceTree = "<group>";
		};
/* End PBXVariantGroup section */

/* Begin XCBuildConfiguration section */
		64FA1E3C2A14E52E00E4635F /* Debug */ = {
			isa = XCBuildConfiguration;
			buildSettings = {
				ALWAYS_SEARCH_USER_PATHS = NO;
				CLANG_ANALYZER_NONNULL = YES;
				CLANG_ANALYZER_NUMBER_OBJECT_CONVERSION = YES_AGGRESSIVE;
				CLANG_CXX_LANGUAGE_STANDARD = "gnu++17";
				CLANG_CXX_LIBRARY = "libc++";
				CLANG_ENABLE_MODULES = YES;
				CLANG_ENABLE_OBJC_ARC = YES;
				CLANG_ENABLE_OBJC_WEAK = YES;
				CLANG_WARN_BLOCK_CAPTURE_AUTORELEASING = YES;
				CLANG_WARN_BOOL_CONVERSION = YES;
				CLANG_WARN_COMMA = YES;
				CLANG_WARN_CONSTANT_CONVERSION = YES;
				CLANG_WARN_DEPRECATED_OBJC_IMPLEMENTATIONS = YES;
				CLANG_WARN_DIRECT_OBJC_ISA_USAGE = YES_ERROR;
				CLANG_WARN_DOCUMENTATION_COMMENTS = YES;
				CLANG_WARN_EMPTY_BODY = YES;
				CLANG_WARN_ENUM_CONVERSION = YES;
				CLANG_WARN_INFINITE_RECURSION = YES;
				CLANG_WARN_INT_CONVERSION = YES;
				CLANG_WARN_NON_LITERAL_NULL_CONVERSION = YES;
				CLANG_WARN_OBJC_IMPLICIT_RETAIN_SELF = YES;
				CLANG_WARN_OBJC_LITERAL_CONVERSION = YES;
				CLANG_WARN_OBJC_ROOT_CLASS = YES_ERROR;
				CLANG_WARN_QUOTED_INCLUDE_IN_FRAMEWORK_HEADER = YES;
				CLANG_WARN_RANGE_LOOP_ANALYSIS = YES;
				CLANG_WARN_STRICT_PROTOTYPES = YES;
				CLANG_WARN_SUSPICIOUS_MOVE = YES;
				CLANG_WARN_UNGUARDED_AVAILABILITY = YES_AGGRESSIVE;
				CLANG_WARN_UNREACHABLE_CODE = YES;
				CLANG_WARN__DUPLICATE_METHOD_MATCH = YES;
				COPY_PHASE_STRIP = NO;
				DEBUG_INFORMATION_FORMAT = dwarf;
				ENABLE_STRICT_OBJC_MSGSEND = YES;
				ENABLE_TESTABILITY = YES;
				GCC_C_LANGUAGE_STANDARD = gnu11;
				GCC_DYNAMIC_NO_PIC = NO;
				GCC_NO_COMMON_BLOCKS = YES;
				GCC_OPTIMIZATION_LEVEL = 0;
				GCC_PREPROCESSOR_DEFINITIONS = (
					"DEBUG=1",
					"$(inherited)",
				);
				GCC_WARN_64_TO_32_BIT_CONVERSION = YES;
				GCC_WARN_ABOUT_RETURN_TYPE = YES_ERROR;
				GCC_WARN_UNDECLARED_SELECTOR = YES;
				GCC_WARN_UNINITIALIZED_AUTOS = YES_AGGRESSIVE;
				GCC_WARN_UNUSED_FUNCTION = YES;
				GCC_WARN_UNUSED_VARIABLE = YES;
				IPHONEOS_DEPLOYMENT_TARGET = 12.0;
				MTL_ENABLE_DEBUG_INFO = INCLUDE_SOURCE;
				MTL_FAST_MATH = YES;
				ONLY_ACTIVE_ARCH = YES;
				SDKROOT = iphoneos;
				SWIFT_ACTIVE_COMPILATION_CONDITIONS = DEBUG;
				SWIFT_OPTIMIZATION_LEVEL = "-Onone";
			};
			name = Debug;
		};
		64FA1E3D2A14E52E00E4635F /* Release */ = {
			isa = XCBuildConfiguration;
			buildSettings = {
				ALWAYS_SEARCH_USER_PATHS = NO;
				CLANG_ANALYZER_NONNULL = YES;
				CLANG_ANALYZER_NUMBER_OBJECT_CONVERSION = YES_AGGRESSIVE;
				CLANG_CXX_LANGUAGE_STANDARD = "gnu++17";
				CLANG_CXX_LIBRARY = "libc++";
				CLANG_ENABLE_MODULES = YES;
				CLANG_ENABLE_OBJC_ARC = YES;
				CLANG_ENABLE_OBJC_WEAK = YES;
				CLANG_WARN_BLOCK_CAPTURE_AUTORELEASING = YES;
				CLANG_WARN_BOOL_CONVERSION = YES;
				CLANG_WARN_COMMA = YES;
				CLANG_WARN_CONSTANT_CONVERSION = YES;
				CLANG_WARN_DEPRECATED_OBJC_IMPLEMENTATIONS = YES;
				CLANG_WARN_DIRECT_OBJC_ISA_USAGE = YES_ERROR;
				CLANG_WARN_DOCUMENTATION_COMMENTS = YES;
				CLANG_WARN_EMPTY_BODY = YES;
				CLANG_WARN_ENUM_CONVERSION = YES;
				CLANG_WARN_INFINITE_RECURSION = YES;
				CLANG_WARN_INT_CONVERSION = YES;
				CLANG_WARN_NON_LITERAL_NULL_CONVERSION = YES;
				CLANG_WARN_OBJC_IMPLICIT_RETAIN_SELF = YES;
				CLANG_WARN_OBJC_LITERAL_CONVERSION = YES;
				CLANG_WARN_OBJC_ROOT_CLASS = YES_ERROR;
				CLANG_WARN_QUOTED_INCLUDE_IN_FRAMEWORK_HEADER = YES;
				CLANG_WARN_RANGE_LOOP_ANALYSIS = YES;
				CLANG_WARN_STRICT_PROTOTYPES = YES;
				CLANG_WARN_SUSPICIOUS_MOVE = YES;
				CLANG_WARN_UNGUARDED_AVAILABILITY = YES_AGGRESSIVE;
				CLANG_WARN_UNREACHABLE_CODE = YES;
				CLANG_WARN__DUPLICATE_METHOD_MATCH = YES;
				COPY_PHASE_STRIP = NO;
				DEBUG_INFORMATION_FORMAT = "dwarf-with-dsym";
				ENABLE_NS_ASSERTIONS = NO;
				ENABLE_STRICT_OBJC_MSGSEND = YES;
				GCC_C_LANGUAGE_STANDARD = gnu11;
				GCC_NO_COMMON_BLOCKS = YES;
				GCC_WARN_64_TO_32_BIT_CONVERSION = YES;
				GCC_WARN_ABOUT_RETURN_TYPE = YES_ERROR;
				GCC_WARN_UNDECLARED_SELECTOR = YES;
				GCC_WARN_UNINITIALIZED_AUTOS = YES_AGGRESSIVE;
				GCC_WARN_UNUSED_FUNCTION = YES;
				GCC_WARN_UNUSED_VARIABLE = YES;
				IPHONEOS_DEPLOYMENT_TARGET = 12.0;
				MTL_ENABLE_DEBUG_INFO = NO;
				MTL_FAST_MATH = YES;
				SDKROOT = iphoneos;
				SWIFT_COMPILATION_MODE = wholemodule;
				SWIFT_OPTIMIZATION_LEVEL = "-O";
				VALIDATE_PRODUCT = YES;
			};
			name = Release;
		};
		64FA1E3F2A14E52E00E4635F /* Debug */ = {
			isa = XCBuildConfiguration;
			buildSettings = {
				ASSETCATALOG_COMPILER_APPICON_NAME = AppIcon;
				ASSETCATALOG_COMPILER_GLOBAL_ACCENT_COLOR_NAME = AccentColor;
				CODE_SIGN_STYLE = Automatic;
				CURRENT_PROJECT_VERSION = 1;
				DEVELOPMENT_TEAM = 87G7HNZ9T9;
				GENERATE_INFOPLIST_FILE = YES;
				INFOPLIST_FILE = test_task/Resources/Info.plist;
				INFOPLIST_KEY_UIApplicationSupportsIndirectInputEvents = YES;
				INFOPLIST_KEY_UILaunchStoryboardName = LaunchScreen;
				INFOPLIST_KEY_UISupportedInterfaceOrientations = UIInterfaceOrientationPortrait;
				INFOPLIST_KEY_UISupportedInterfaceOrientations_iPhone = UIInterfaceOrientationPortrait;
				IPHONEOS_DEPLOYMENT_TARGET = 12.0;
				LD_RUNPATH_SEARCH_PATHS = (
					"$(inherited)",
					"@executable_path/Frameworks",
				);
				MARKETING_VERSION = 1.0;
				PRODUCT_BUNDLE_IDENTIFIER = "ru.alpatiev.test-task";
				PRODUCT_NAME = "$(TARGET_NAME)";
				SWIFT_EMIT_LOC_STRINGS = YES;
				SWIFT_VERSION = 5.0;
				TARGETED_DEVICE_FAMILY = 1;
			};
			name = Debug;
		};
		64FA1E402A14E52E00E4635F /* Release */ = {
			isa = XCBuildConfiguration;
			buildSettings = {
				ASSETCATALOG_COMPILER_APPICON_NAME = AppIcon;
				ASSETCATALOG_COMPILER_GLOBAL_ACCENT_COLOR_NAME = AccentColor;
				CODE_SIGN_STYLE = Automatic;
				CURRENT_PROJECT_VERSION = 1;
				DEVELOPMENT_TEAM = 87G7HNZ9T9;
				GENERATE_INFOPLIST_FILE = YES;
				INFOPLIST_FILE = test_task/Resources/Info.plist;
				INFOPLIST_KEY_UIApplicationSupportsIndirectInputEvents = YES;
				INFOPLIST_KEY_UILaunchStoryboardName = LaunchScreen;
				INFOPLIST_KEY_UISupportedInterfaceOrientations = UIInterfaceOrientationPortrait;
				INFOPLIST_KEY_UISupportedInterfaceOrientations_iPhone = UIInterfaceOrientationPortrait;
				IPHONEOS_DEPLOYMENT_TARGET = 12.0;
				LD_RUNPATH_SEARCH_PATHS = (
					"$(inherited)",
					"@executable_path/Frameworks",
				);
				MARKETING_VERSION = 1.0;
				PRODUCT_BUNDLE_IDENTIFIER = "ru.alpatiev.test-task";
				PRODUCT_NAME = "$(TARGET_NAME)";
				SWIFT_EMIT_LOC_STRINGS = YES;
				SWIFT_VERSION = 5.0;
				TARGETED_DEVICE_FAMILY = 1;
			};
			name = Release;
		};
/* End XCBuildConfiguration section */

/* Begin XCConfigurationList section */
		64FA1E252A14E52600E4635F /* Build configuration list for PBXProject "test_task" */ = {
			isa = XCConfigurationList;
			buildConfigurations = (
				64FA1E3C2A14E52E00E4635F /* Debug */,
				64FA1E3D2A14E52E00E4635F /* Release */,
			);
			defaultConfigurationIsVisible = 0;
			defaultConfigurationName = Release;
		};
		64FA1E3E2A14E52E00E4635F /* Build configuration list for PBXNativeTarget "test_task" */ = {
			isa = XCConfigurationList;
			buildConfigurations = (
				64FA1E3F2A14E52E00E4635F /* Debug */,
				64FA1E402A14E52E00E4635F /* Release */,
			);
			defaultConfigurationIsVisible = 0;
			defaultConfigurationName = Release;
		};
/* End XCConfigurationList section */
	};
	rootObject = 64FA1E222A14E52600E4635F /* Project object */;
}
